// !$*UTF8*$!
{
	archiveVersion = 1;
	classes = {
	};
	objectVersion = 50;
	objects = {

/* Begin PBXBuildFile section */
		7B1C2B5426F6012C00593D7A /* MelanomaScanApp.swift in Sources */ = {isa = PBXBuildFile; fileRef = 7B1C2B5326F6012C00593D7A /* MelanomaScanApp.swift */; };
		7B1C2B5626F6012C00593D7A /* SkinClassifier.swift in Sources */ = {isa = PBXBuildFile; fileRef = 7B1C2B5526F6012C00593D7A /* SkinClassifier.swift */; };
		7B1C2B5826F6012F00593D7A /* Assets.xcassets in Resources */ = {isa = PBXBuildFile; fileRef = 7B1C2B5726F6012F00593D7A /* Assets.xcassets */; };
		7B1C2B5B26F6012F00593D7A /* Preview Assets.xcassets in Resources */ = {isa = PBXBuildFile; fileRef = 7B1C2B5A26F6012F00593D7A /* Preview Assets.xcassets */; };
		7B1C2B6626F6012F00593D7A /* MelanomaScanTests.swift in Sources */ = {isa = PBXBuildFile; fileRef = 7B1C2B6526F6012F00593D7A /* MelanomaScanTests.swift */; };
		7B1C2B7126F6012F00593D7A /* MelanomaScanUITests.swift in Sources */ = {isa = PBXBuildFile; fileRef = 7B1C2B7026F6012F00593D7A /* MelanomaScanUITests.swift */; };
		7B9D4C432705FE3E002A6A0F /* melanomaModel1(91).mlmodel in Sources */ = {isa = PBXBuildFile; fileRef = 7B9D4C422705FE3E002A6A0F /* melanomaModel1(91).mlmodel */; };
		7B9D4C442705FE3E002A6A0F /* melanomaModel1(91).mlmodel in Sources */ = {isa = PBXBuildFile; fileRef = 7B9D4C422705FE3E002A6A0F /* melanomaModel1(91).mlmodel */; };
		7B9D4C452705FE3E002A6A0F /* melanomaModel1(91).mlmodel in Sources */ = {isa = PBXBuildFile; fileRef = 7B9D4C422705FE3E002A6A0F /* melanomaModel1(91).mlmodel */; };
		7B9DDAB22708762600AB4DA6 /* UIImageExtensions.swift in Sources */ = {isa = PBXBuildFile; fileRef = 7B9DDAB12708762600AB4DA6 /* UIImageExtensions.swift */; };
		7B9DDAB32708762600AB4DA6 /* UIImageExtensions.swift in Sources */ = {isa = PBXBuildFile; fileRef = 7B9DDAB12708762600AB4DA6 /* UIImageExtensions.swift */; };
		7B9DDAB42708762600AB4DA6 /* UIImageExtensions.swift in Sources */ = {isa = PBXBuildFile; fileRef = 7B9DDAB12708762600AB4DA6 /* UIImageExtensions.swift */; };
		CD11A89E2718357F00FF1C78 /* FunctionalImageStorage.swift in Sources */ = {isa = PBXBuildFile; fileRef = CD11A89D2718357F00FF1C78 /* FunctionalImageStorage.swift */; };
		CD11A8B3271835CC00FF1C78 /* Reminders.swift in Sources */ = {isa = PBXBuildFile; fileRef = CD11A8B2271835CC00FF1C78 /* Reminders.swift */; };
		CD11A8BB2718361900FF1C78 /* WeatherRisks.swift in Sources */ = {isa = PBXBuildFile; fileRef = CD11A8BA2718361900FF1C78 /* WeatherRisks.swift */; };
		CD52E746270EF48800CA2B2B /* ImageClassifier.swift in Sources */ = {isa = PBXBuildFile; fileRef = CD52E745270EF48800CA2B2B /* ImageClassifier.swift */; };
		CD52E747270EF48800CA2B2B /* ImageClassifier.swift in Sources */ = {isa = PBXBuildFile; fileRef = CD52E745270EF48800CA2B2B /* ImageClassifier.swift */; };
		CD52E748270EF48800CA2B2B /* ImageClassifier.swift in Sources */ = {isa = PBXBuildFile; fileRef = CD52E745270EF48800CA2B2B /* ImageClassifier.swift */; };
		CD52E750271832DD00CA2B2B /* Dashboard.swift in Sources */ = {isa = PBXBuildFile; fileRef = CD52E74F271832DD00CA2B2B /* Dashboard.swift */; };
		CD52E751271832DD00CA2B2B /* Dashboard.swift in Sources */ = {isa = PBXBuildFile; fileRef = CD52E74F271832DD00CA2B2B /* Dashboard.swift */; };
		CD52E752271832DD00CA2B2B /* Dashboard.swift in Sources */ = {isa = PBXBuildFile; fileRef = CD52E74F271832DD00CA2B2B /* Dashboard.swift */; };
		CD5B5C152750DC2B00CB1EF3 /* ImageSaver.swift in Sources */ = {isa = PBXBuildFile; fileRef = CD5B5C142750DC2B00CB1EF3 /* ImageSaver.swift */; };
		CD6F4367273D25A700937C7B /* CoreDataStore.xcdatamodeld in Sources */ = {isa = PBXBuildFile; fileRef = CD6F4365273D25A700937C7B /* CoreDataStore.xcdatamodeld */; };
		CD6F4369273D26DD00937C7B /* CoreDataManager.swift in Sources */ = {isa = PBXBuildFile; fileRef = CD6F4368273D26DD00937C7B /* CoreDataManager.swift */; };
		CD7BA72C2755884100D8BBD8 /* UIHelperFunctions.swift in Sources */ = {isa = PBXBuildFile; fileRef = CD7BA72B2755884100D8BBD8 /* UIHelperFunctions.swift */; };
		CD7BA72E2756876F00D8BBD8 /* LocalNotificationManager.swift in Sources */ = {isa = PBXBuildFile; fileRef = CD7BA72D2756876F00D8BBD8 /* LocalNotificationManager.swift */; };
		CD8242642719C449008E44DB /* ImagePicker.swift in Sources */ = {isa = PBXBuildFile; fileRef = CD8242632719C449008E44DB /* ImagePicker.swift */; };
		CD8242652719C449008E44DB /* ImagePicker.swift in Sources */ = {isa = PBXBuildFile; fileRef = CD8242632719C449008E44DB /* ImagePicker.swift */; };
		CD8242662719C449008E44DB /* ImagePicker.swift in Sources */ = {isa = PBXBuildFile; fileRef = CD8242632719C449008E44DB /* ImagePicker.swift */; };
		CD8BDD552758D401002EF5A6 /* RemindersManager.swift in Sources */ = {isa = PBXBuildFile; fileRef = CD8BDD542758D401002EF5A6 /* RemindersManager.swift */; };
		CD8BDD572758D4E6002EF5A6 /* TEMP_NotificationView.swift in Sources */ = {isa = PBXBuildFile; fileRef = CD8BDD562758D4E6002EF5A6 /* TEMP_NotificationView.swift */; };
		CDC333B6273E67570054FD44 /* InformationPage.swift in Sources */ = {isa = PBXBuildFile; fileRef = CDC333B5273E67570054FD44 /* InformationPage.swift */; };
		CDC333B8273E68440054FD44 /* RiskFactorsModel.swift in Sources */ = {isa = PBXBuildFile; fileRef = CDC333B7273E68440054FD44 /* RiskFactorsModel.swift */; };
		CDC333C0273E6B130054FD44 /* RiskFactorDetail.swift in Sources */ = {isa = PBXBuildFile; fileRef = CDC333BF273E6B130054FD44 /* RiskFactorDetail.swift */; };
		CDEB5673275B906D007868FB /* UVIndexManager.swift in Sources */ = {isa = PBXBuildFile; fileRef = CDEB5672275B906D007868FB /* UVIndexManager.swift */; };
		CDEB5677275C26A2007868FB /* LocationManager.swift in Sources */ = {isa = PBXBuildFile; fileRef = CDEB5676275C26A2007868FB /* LocationManager.swift */; };
/* End PBXBuildFile section */

/* Begin PBXContainerItemProxy section */
		7B1C2B6226F6012F00593D7A /* PBXContainerItemProxy */ = {
			isa = PBXContainerItemProxy;
			containerPortal = 7B1C2B4826F6012C00593D7A /* Project object */;
			proxyType = 1;
			remoteGlobalIDString = 7B1C2B4F26F6012C00593D7A;
			remoteInfo = MelanomaScan;
		};
		7B1C2B6D26F6012F00593D7A /* PBXContainerItemProxy */ = {
			isa = PBXContainerItemProxy;
			containerPortal = 7B1C2B4826F6012C00593D7A /* Project object */;
			proxyType = 1;
			remoteGlobalIDString = 7B1C2B4F26F6012C00593D7A;
			remoteInfo = MelanomaScan;
		};
/* End PBXContainerItemProxy section */

/* Begin PBXFileReference section */
		7B1C2B5026F6012C00593D7A /* MelanomaScan.app */ = {isa = PBXFileReference; explicitFileType = wrapper.application; includeInIndex = 0; path = MelanomaScan.app; sourceTree = BUILT_PRODUCTS_DIR; };
		7B1C2B5326F6012C00593D7A /* MelanomaScanApp.swift */ = {isa = PBXFileReference; lastKnownFileType = sourcecode.swift; path = MelanomaScanApp.swift; sourceTree = "<group>"; };
		7B1C2B5526F6012C00593D7A /* SkinClassifier.swift */ = {isa = PBXFileReference; lastKnownFileType = sourcecode.swift; path = SkinClassifier.swift; sourceTree = "<group>"; };
		7B1C2B5726F6012F00593D7A /* Assets.xcassets */ = {isa = PBXFileReference; lastKnownFileType = folder.assetcatalog; path = Assets.xcassets; sourceTree = "<group>"; };
		7B1C2B5A26F6012F00593D7A /* Preview Assets.xcassets */ = {isa = PBXFileReference; lastKnownFileType = folder.assetcatalog; path = "Preview Assets.xcassets"; sourceTree = "<group>"; };
		7B1C2B5C26F6012F00593D7A /* Info.plist */ = {isa = PBXFileReference; lastKnownFileType = text.plist.xml; path = Info.plist; sourceTree = "<group>"; };
		7B1C2B6126F6012F00593D7A /* MelanomaScanTests.xctest */ = {isa = PBXFileReference; explicitFileType = wrapper.cfbundle; includeInIndex = 0; path = MelanomaScanTests.xctest; sourceTree = BUILT_PRODUCTS_DIR; };
		7B1C2B6526F6012F00593D7A /* MelanomaScanTests.swift */ = {isa = PBXFileReference; lastKnownFileType = sourcecode.swift; path = MelanomaScanTests.swift; sourceTree = "<group>"; };
		7B1C2B6726F6012F00593D7A /* Info.plist */ = {isa = PBXFileReference; lastKnownFileType = text.plist.xml; path = Info.plist; sourceTree = "<group>"; };
		7B1C2B6C26F6012F00593D7A /* MelanomaScanUITests.xctest */ = {isa = PBXFileReference; explicitFileType = wrapper.cfbundle; includeInIndex = 0; path = MelanomaScanUITests.xctest; sourceTree = BUILT_PRODUCTS_DIR; };
		7B1C2B7026F6012F00593D7A /* MelanomaScanUITests.swift */ = {isa = PBXFileReference; lastKnownFileType = sourcecode.swift; path = MelanomaScanUITests.swift; sourceTree = "<group>"; };
		7B1C2B7226F6012F00593D7A /* Info.plist */ = {isa = PBXFileReference; lastKnownFileType = text.plist.xml; path = Info.plist; sourceTree = "<group>"; };
		7B55D4182705BE1F003F7475 /* melanomaClassifier600.mlproj */ = {isa = PBXFileReference; lastKnownFileType = wrapper; path = melanomaClassifier600.mlproj; sourceTree = "<group>"; };
		7B9D4C422705FE3E002A6A0F /* melanomaModel1(91).mlmodel */ = {isa = PBXFileReference; lastKnownFileType = file.mlmodel; path = "melanomaModel1(91).mlmodel"; sourceTree = "<group>"; };
		7B9DDAB12708762600AB4DA6 /* UIImageExtensions.swift */ = {isa = PBXFileReference; lastKnownFileType = sourcecode.swift; path = UIImageExtensions.swift; sourceTree = "<group>"; };
		CD11A89D2718357F00FF1C78 /* FunctionalImageStorage.swift */ = {isa = PBXFileReference; lastKnownFileType = sourcecode.swift; path = FunctionalImageStorage.swift; sourceTree = "<group>"; };
		CD11A8B2271835CC00FF1C78 /* Reminders.swift */ = {isa = PBXFileReference; lastKnownFileType = sourcecode.swift; path = Reminders.swift; sourceTree = "<group>"; };
		CD11A8BA2718361900FF1C78 /* WeatherRisks.swift */ = {isa = PBXFileReference; lastKnownFileType = sourcecode.swift; path = WeatherRisks.swift; sourceTree = "<group>"; };
		CD52E745270EF48800CA2B2B /* ImageClassifier.swift */ = {isa = PBXFileReference; lastKnownFileType = sourcecode.swift; path = ImageClassifier.swift; sourceTree = "<group>"; };
		CD52E74F271832DD00CA2B2B /* Dashboard.swift */ = {isa = PBXFileReference; lastKnownFileType = sourcecode.swift; path = Dashboard.swift; sourceTree = "<group>"; };
		CD5B5C142750DC2B00CB1EF3 /* ImageSaver.swift */ = {isa = PBXFileReference; lastKnownFileType = sourcecode.swift; path = ImageSaver.swift; sourceTree = "<group>"; };
		CD6F4366273D25A700937C7B /* RiskFactorsPersistence.xcdatamodel */ = {isa = PBXFileReference; lastKnownFileType = wrapper.xcdatamodel; path = RiskFactorsPersistence.xcdatamodel; sourceTree = "<group>"; };
		CD6F4368273D26DD00937C7B /* CoreDataManager.swift */ = {isa = PBXFileReference; lastKnownFileType = sourcecode.swift; path = CoreDataManager.swift; sourceTree = "<group>"; };
		CD7BA72B2755884100D8BBD8 /* UIHelperFunctions.swift */ = {isa = PBXFileReference; lastKnownFileType = sourcecode.swift; path = UIHelperFunctions.swift; sourceTree = "<group>"; };
		CD7BA72D2756876F00D8BBD8 /* LocalNotificationManager.swift */ = {isa = PBXFileReference; lastKnownFileType = sourcecode.swift; path = LocalNotificationManager.swift; sourceTree = "<group>"; };
		CD8242632719C449008E44DB /* ImagePicker.swift */ = {isa = PBXFileReference; lastKnownFileType = sourcecode.swift; path = ImagePicker.swift; sourceTree = "<group>"; };
		CD8BDD542758D401002EF5A6 /* RemindersManager.swift */ = {isa = PBXFileReference; lastKnownFileType = sourcecode.swift; path = RemindersManager.swift; sourceTree = "<group>"; };
		CD8BDD562758D4E6002EF5A6 /* TEMP_NotificationView.swift */ = {isa = PBXFileReference; lastKnownFileType = sourcecode.swift; path = TEMP_NotificationView.swift; sourceTree = "<group>"; };
		CDC333B5273E67570054FD44 /* InformationPage.swift */ = {isa = PBXFileReference; lastKnownFileType = sourcecode.swift; path = InformationPage.swift; sourceTree = "<group>"; };
		CDC333B7273E68440054FD44 /* RiskFactorsModel.swift */ = {isa = PBXFileReference; lastKnownFileType = sourcecode.swift; path = RiskFactorsModel.swift; sourceTree = "<group>"; };
		CDC333BF273E6B130054FD44 /* RiskFactorDetail.swift */ = {isa = PBXFileReference; lastKnownFileType = sourcecode.swift; path = RiskFactorDetail.swift; sourceTree = "<group>"; };
		CDEB5672275B906D007868FB /* UVIndexManager.swift */ = {isa = PBXFileReference; lastKnownFileType = sourcecode.swift; path = UVIndexManager.swift; sourceTree = "<group>"; };
		CDEB5676275C26A2007868FB /* LocationManager.swift */ = {isa = PBXFileReference; lastKnownFileType = sourcecode.swift; path = LocationManager.swift; sourceTree = "<group>"; };
/* End PBXFileReference section */

/* Begin PBXFrameworksBuildPhase section */
		7B1C2B4D26F6012C00593D7A /* Frameworks */ = {
			isa = PBXFrameworksBuildPhase;
			buildActionMask = 2147483647;
			files = (
			);
			runOnlyForDeploymentPostprocessing = 0;
		};
		7B1C2B5E26F6012F00593D7A /* Frameworks */ = {
			isa = PBXFrameworksBuildPhase;
			buildActionMask = 2147483647;
			files = (
			);
			runOnlyForDeploymentPostprocessing = 0;
		};
		7B1C2B6926F6012F00593D7A /* Frameworks */ = {
			isa = PBXFrameworksBuildPhase;
			buildActionMask = 2147483647;
			files = (
			);
			runOnlyForDeploymentPostprocessing = 0;
		};
/* End PBXFrameworksBuildPhase section */

/* Begin PBXGroup section */
		7B1C2B4726F6012C00593D7A = {
			isa = PBXGroup;
			children = (
				7B1C2B5226F6012C00593D7A /* MelanomaScan */,
				7B1C2B6426F6012F00593D7A /* MelanomaScanTests */,
				7B1C2B6F26F6012F00593D7A /* MelanomaScanUITests */,
				7B1C2B7226F6012F00593D7A /* Info.plist */,
				7B1C2B5126F6012C00593D7A /* Products */,
			);
			sourceTree = "<group>";
		};
		7B1C2B5126F6012C00593D7A /* Products */ = {
			isa = PBXGroup;
			children = (
				7B1C2B5026F6012C00593D7A /* MelanomaScan.app */,
				7B1C2B6126F6012F00593D7A /* MelanomaScanTests.xctest */,
				7B1C2B6C26F6012F00593D7A /* MelanomaScanUITests.xctest */,
			);
			name = Products;
			sourceTree = "<group>";
		};
		7B1C2B5226F6012C00593D7A /* MelanomaScan */ = {
			isa = PBXGroup;
			children = (
				CDCCEBA92736A78E00108058 /* CoreData Storage */,
				7B9D4C412705FD38002A6A0F /* MelanomaMLModel */,
				CD52E744270EF46000CA2B2B /* Models */,
				7B9DDAB02708760900AB4DA6 /* Extensions */,
				7B9D4C4C2705FF97002A6A0F /* Views */,
				7B1C2B5726F6012F00593D7A /* Assets.xcassets */,
				7B1C2B5C26F6012F00593D7A /* Info.plist */,
				7B1C2B5926F6012F00593D7A /* Preview Content */,
			);
			path = MelanomaScan;
			sourceTree = "<group>";
		};
		7B1C2B5926F6012F00593D7A /* Preview Content */ = {
			isa = PBXGroup;
			children = (
				7B1C2B5A26F6012F00593D7A /* Preview Assets.xcassets */,
			);
			path = "Preview Content";
			sourceTree = "<group>";
		};
		7B1C2B6426F6012F00593D7A /* MelanomaScanTests */ = {
			isa = PBXGroup;
			children = (
				7B1C2B6526F6012F00593D7A /* MelanomaScanTests.swift */,
				7B1C2B6726F6012F00593D7A /* Info.plist */,
			);
			path = MelanomaScanTests;
			sourceTree = "<group>";
		};
		7B1C2B6F26F6012F00593D7A /* MelanomaScanUITests */ = {
			isa = PBXGroup;
			children = (
				7B1C2B7026F6012F00593D7A /* MelanomaScanUITests.swift */,
			);
			path = MelanomaScanUITests;
			sourceTree = "<group>";
		};
		7B9D4C412705FD38002A6A0F /* MelanomaMLModel */ = {
			isa = PBXGroup;
			children = (
				7B55D4182705BE1F003F7475 /* melanomaClassifier600.mlproj */,
				7B9D4C422705FE3E002A6A0F /* melanomaModel1(91).mlmodel */,
			);
			path = MelanomaMLModel;
			sourceTree = "<group>";
		};
		7B9D4C4C2705FF97002A6A0F /* Views */ = {
			isa = PBXGroup;
			children = (
				CD52E74F271832DD00CA2B2B /* Dashboard.swift */,
				7B1C2B5526F6012C00593D7A /* SkinClassifier.swift */,
				CD11A89D2718357F00FF1C78 /* FunctionalImageStorage.swift */,
				CDC333B5273E67570054FD44 /* InformationPage.swift */,
				CDC333BF273E6B130054FD44 /* RiskFactorDetail.swift */,
				CD11A8B2271835CC00FF1C78 /* Reminders.swift */,
				CD8BDD562758D4E6002EF5A6 /* TEMP_NotificationView.swift */,
				CD11A8BA2718361900FF1C78 /* WeatherRisks.swift */,
				7B1C2B5326F6012C00593D7A /* MelanomaScanApp.swift */,
			);
			path = Views;
			sourceTree = "<group>";
		};
		7B9DDAB02708760900AB4DA6 /* Extensions */ = {
			isa = PBXGroup;
			children = (
				7B9DDAB12708762600AB4DA6 /* UIImageExtensions.swift */,
			);
			path = Extensions;
			sourceTree = "<group>";
		};
		CD52E744270EF46000CA2B2B /* Models */ = {
			isa = PBXGroup;
			children = (
				CD52E745270EF48800CA2B2B /* ImageClassifier.swift */,
				CD8242632719C449008E44DB /* ImagePicker.swift */,
				CDC333B7273E68440054FD44 /* RiskFactorsModel.swift */,
				CD5B5C142750DC2B00CB1EF3 /* ImageSaver.swift */,
				CD7BA72B2755884100D8BBD8 /* UIHelperFunctions.swift */,
				CD7BA72D2756876F00D8BBD8 /* LocalNotificationManager.swift */,
				CD8BDD542758D401002EF5A6 /* RemindersManager.swift */,
				CDEB5672275B906D007868FB /* UVIndexManager.swift */,
				CDEB5676275C26A2007868FB /* LocationManager.swift */,
			);
			path = Models;
			sourceTree = "<group>";
		};
		CDCCEBA92736A78E00108058 /* CoreData Storage */ = {
			isa = PBXGroup;
			children = (
				CD6F4365273D25A700937C7B /* CoreDataStore.xcdatamodeld */,
				CD6F4368273D26DD00937C7B /* CoreDataManager.swift */,
			);
			path = "CoreData Storage";
			sourceTree = "<group>";
		};
/* End PBXGroup section */

/* Begin PBXNativeTarget section */
		7B1C2B4F26F6012C00593D7A /* MelanomaScan */ = {
			isa = PBXNativeTarget;
			buildConfigurationList = 7B1C2B7526F6012F00593D7A /* Build configuration list for PBXNativeTarget "MelanomaScan" */;
			buildPhases = (
				7B1C2B4C26F6012C00593D7A /* Sources */,
				7B1C2B4D26F6012C00593D7A /* Frameworks */,
				7B1C2B4E26F6012C00593D7A /* Resources */,
			);
			buildRules = (
			);
			dependencies = (
			);
			name = MelanomaScan;
			productName = MelanomaScan;
			productReference = 7B1C2B5026F6012C00593D7A /* MelanomaScan.app */;
			productType = "com.apple.product-type.application";
		};
		7B1C2B6026F6012F00593D7A /* MelanomaScanTests */ = {
			isa = PBXNativeTarget;
			buildConfigurationList = 7B1C2B7826F6012F00593D7A /* Build configuration list for PBXNativeTarget "MelanomaScanTests" */;
			buildPhases = (
				7B1C2B5D26F6012F00593D7A /* Sources */,
				7B1C2B5E26F6012F00593D7A /* Frameworks */,
				7B1C2B5F26F6012F00593D7A /* Resources */,
			);
			buildRules = (
			);
			dependencies = (
				7B1C2B6326F6012F00593D7A /* PBXTargetDependency */,
			);
			name = MelanomaScanTests;
			productName = MelanomaScanTests;
			productReference = 7B1C2B6126F6012F00593D7A /* MelanomaScanTests.xctest */;
			productType = "com.apple.product-type.bundle.unit-test";
		};
		7B1C2B6B26F6012F00593D7A /* MelanomaScanUITests */ = {
			isa = PBXNativeTarget;
			buildConfigurationList = 7B1C2B7B26F6012F00593D7A /* Build configuration list for PBXNativeTarget "MelanomaScanUITests" */;
			buildPhases = (
				7B1C2B6826F6012F00593D7A /* Sources */,
				7B1C2B6926F6012F00593D7A /* Frameworks */,
				7B1C2B6A26F6012F00593D7A /* Resources */,
			);
			buildRules = (
			);
			dependencies = (
				7B1C2B6E26F6012F00593D7A /* PBXTargetDependency */,
			);
			name = MelanomaScanUITests;
			productName = MelanomaScanUITests;
			productReference = 7B1C2B6C26F6012F00593D7A /* MelanomaScanUITests.xctest */;
			productType = "com.apple.product-type.bundle.ui-testing";
		};
/* End PBXNativeTarget section */

/* Begin PBXProject section */
		7B1C2B4826F6012C00593D7A /* Project object */ = {
			isa = PBXProject;
			attributes = {
				LastSwiftUpdateCheck = 1210;
				LastUpgradeCheck = 1210;
				TargetAttributes = {
					7B1C2B4F26F6012C00593D7A = {
						CreatedOnToolsVersion = 12.1;
					};
					7B1C2B6026F6012F00593D7A = {
						CreatedOnToolsVersion = 12.1;
						TestTargetID = 7B1C2B4F26F6012C00593D7A;
					};
					7B1C2B6B26F6012F00593D7A = {
						CreatedOnToolsVersion = 12.1;
						TestTargetID = 7B1C2B4F26F6012C00593D7A;
					};
				};
			};
			buildConfigurationList = 7B1C2B4B26F6012C00593D7A /* Build configuration list for PBXProject "MelanomaScan" */;
			compatibilityVersion = "Xcode 9.3";
			developmentRegion = en;
			hasScannedForEncodings = 0;
			knownRegions = (
				en,
				Base,
			);
			mainGroup = 7B1C2B4726F6012C00593D7A;
			productRefGroup = 7B1C2B5126F6012C00593D7A /* Products */;
			projectDirPath = "";
			projectRoot = "";
			targets = (
				7B1C2B4F26F6012C00593D7A /* MelanomaScan */,
				7B1C2B6026F6012F00593D7A /* MelanomaScanTests */,
				7B1C2B6B26F6012F00593D7A /* MelanomaScanUITests */,
			);
		};
/* End PBXProject section */

/* Begin PBXResourcesBuildPhase section */
		7B1C2B4E26F6012C00593D7A /* Resources */ = {
			isa = PBXResourcesBuildPhase;
			buildActionMask = 2147483647;
			files = (
				7B1C2B5B26F6012F00593D7A /* Preview Assets.xcassets in Resources */,
				7B1C2B5826F6012F00593D7A /* Assets.xcassets in Resources */,
			);
			runOnlyForDeploymentPostprocessing = 0;
		};
		7B1C2B5F26F6012F00593D7A /* Resources */ = {
			isa = PBXResourcesBuildPhase;
			buildActionMask = 2147483647;
			files = (
			);
			runOnlyForDeploymentPostprocessing = 0;
		};
		7B1C2B6A26F6012F00593D7A /* Resources */ = {
			isa = PBXResourcesBuildPhase;
			buildActionMask = 2147483647;
			files = (
			);
			runOnlyForDeploymentPostprocessing = 0;
		};
/* End PBXResourcesBuildPhase section */

/* Begin PBXSourcesBuildPhase section */
		7B1C2B4C26F6012C00593D7A /* Sources */ = {
			isa = PBXSourcesBuildPhase;
			buildActionMask = 2147483647;
			files = (
				CDC333C0273E6B130054FD44 /* RiskFactorDetail.swift in Sources */,
				CD8BDD572758D4E6002EF5A6 /* TEMP_NotificationView.swift in Sources */,
				7B1C2B5626F6012C00593D7A /* SkinClassifier.swift in Sources */,
				CD5B5C152750DC2B00CB1EF3 /* ImageSaver.swift in Sources */,
				CDC333B8273E68440054FD44 /* RiskFactorsModel.swift in Sources */,
				CD11A8BB2718361900FF1C78 /* WeatherRisks.swift in Sources */,
				CD6F4367273D25A700937C7B /* CoreDataStore.xcdatamodeld in Sources */,
				CD7BA72E2756876F00D8BBD8 /* LocalNotificationManager.swift in Sources */,
				CDC333B6273E67570054FD44 /* InformationPage.swift in Sources */,
				CD7BA72C2755884100D8BBD8 /* UIHelperFunctions.swift in Sources */,
				7B1C2B5426F6012C00593D7A /* MelanomaScanApp.swift in Sources */,
				CDEB5673275B906D007868FB /* UVIndexManager.swift in Sources */,
				7B9D4C432705FE3E002A6A0F /* melanomaModel1(91).mlmodel in Sources */,
				CD11A8B3271835CC00FF1C78 /* Reminders.swift in Sources */,
				CDEB5677275C26A2007868FB /* LocationManager.swift in Sources */,
				7B9DDAB22708762600AB4DA6 /* UIImageExtensions.swift in Sources */,
				CD52E750271832DD00CA2B2B /* Dashboard.swift in Sources */,
				CD8242642719C449008E44DB /* ImagePicker.swift in Sources */,
				CD8BDD552758D401002EF5A6 /* RemindersManager.swift in Sources */,
				CD52E746270EF48800CA2B2B /* ImageClassifier.swift in Sources */,
				CD6F4369273D26DD00937C7B /* CoreDataManager.swift in Sources */,
				CD11A89E2718357F00FF1C78 /* FunctionalImageStorage.swift in Sources */,
			);
			runOnlyForDeploymentPostprocessing = 0;
		};
		7B1C2B5D26F6012F00593D7A /* Sources */ = {
			isa = PBXSourcesBuildPhase;
			buildActionMask = 2147483647;
			files = (
				CD52E747270EF48800CA2B2B /* ImageClassifier.swift in Sources */,
				7B9DDAB32708762600AB4DA6 /* UIImageExtensions.swift in Sources */,
				CD52E751271832DD00CA2B2B /* Dashboard.swift in Sources */,
				CD8242652719C449008E44DB /* ImagePicker.swift in Sources */,
				7B1C2B6626F6012F00593D7A /* MelanomaScanTests.swift in Sources */,
				7B9D4C442705FE3E002A6A0F /* melanomaModel1(91).mlmodel in Sources */,
			);
			runOnlyForDeploymentPostprocessing = 0;
		};
		7B1C2B6826F6012F00593D7A /* Sources */ = {
			isa = PBXSourcesBuildPhase;
			buildActionMask = 2147483647;
			files = (
				CD52E748270EF48800CA2B2B /* ImageClassifier.swift in Sources */,
				7B9DDAB42708762600AB4DA6 /* UIImageExtensions.swift in Sources */,
				CD52E752271832DD00CA2B2B /* Dashboard.swift in Sources */,
				CD8242662719C449008E44DB /* ImagePicker.swift in Sources */,
				7B1C2B7126F6012F00593D7A /* MelanomaScanUITests.swift in Sources */,
				7B9D4C452705FE3E002A6A0F /* melanomaModel1(91).mlmodel in Sources */,
			);
			runOnlyForDeploymentPostprocessing = 0;
		};
/* End PBXSourcesBuildPhase section */

/* Begin PBXTargetDependency section */
		7B1C2B6326F6012F00593D7A /* PBXTargetDependency */ = {
			isa = PBXTargetDependency;
			target = 7B1C2B4F26F6012C00593D7A /* MelanomaScan */;
			targetProxy = 7B1C2B6226F6012F00593D7A /* PBXContainerItemProxy */;
		};
		7B1C2B6E26F6012F00593D7A /* PBXTargetDependency */ = {
			isa = PBXTargetDependency;
			target = 7B1C2B4F26F6012C00593D7A /* MelanomaScan */;
			targetProxy = 7B1C2B6D26F6012F00593D7A /* PBXContainerItemProxy */;
		};
/* End PBXTargetDependency section */

/* Begin XCBuildConfiguration section */
		7B1C2B7326F6012F00593D7A /* Debug */ = {
			isa = XCBuildConfiguration;
			buildSettings = {
				ALWAYS_SEARCH_USER_PATHS = NO;
				CLANG_ANALYZER_NONNULL = YES;
				CLANG_ANALYZER_NUMBER_OBJECT_CONVERSION = YES_AGGRESSIVE;
				CLANG_CXX_LANGUAGE_STANDARD = "gnu++14";
				CLANG_CXX_LIBRARY = "libc++";
				CLANG_ENABLE_MODULES = YES;
				CLANG_ENABLE_OBJC_ARC = YES;
				CLANG_ENABLE_OBJC_WEAK = YES;
				CLANG_WARN_BLOCK_CAPTURE_AUTORELEASING = YES;
				CLANG_WARN_BOOL_CONVERSION = YES;
				CLANG_WARN_COMMA = YES;
				CLANG_WARN_CONSTANT_CONVERSION = YES;
				CLANG_WARN_DEPRECATED_OBJC_IMPLEMENTATIONS = YES;
				CLANG_WARN_DIRECT_OBJC_ISA_USAGE = YES_ERROR;
				CLANG_WARN_DOCUMENTATION_COMMENTS = YES;
				CLANG_WARN_EMPTY_BODY = YES;
				CLANG_WARN_ENUM_CONVERSION = YES;
				CLANG_WARN_INFINITE_RECURSION = YES;
				CLANG_WARN_INT_CONVERSION = YES;
				CLANG_WARN_NON_LITERAL_NULL_CONVERSION = YES;
				CLANG_WARN_OBJC_IMPLICIT_RETAIN_SELF = YES;
				CLANG_WARN_OBJC_LITERAL_CONVERSION = YES;
				CLANG_WARN_OBJC_ROOT_CLASS = YES_ERROR;
				CLANG_WARN_QUOTED_INCLUDE_IN_FRAMEWORK_HEADER = YES;
				CLANG_WARN_RANGE_LOOP_ANALYSIS = YES;
				CLANG_WARN_STRICT_PROTOTYPES = YES;
				CLANG_WARN_SUSPICIOUS_MOVE = YES;
				CLANG_WARN_UNGUARDED_AVAILABILITY = YES_AGGRESSIVE;
				CLANG_WARN_UNREACHABLE_CODE = YES;
				CLANG_WARN__DUPLICATE_METHOD_MATCH = YES;
				COPY_PHASE_STRIP = NO;
				DEBUG_INFORMATION_FORMAT = dwarf;
				ENABLE_STRICT_OBJC_MSGSEND = YES;
				ENABLE_TESTABILITY = YES;
				GCC_C_LANGUAGE_STANDARD = gnu11;
				GCC_DYNAMIC_NO_PIC = NO;
				GCC_NO_COMMON_BLOCKS = YES;
				GCC_OPTIMIZATION_LEVEL = 0;
				GCC_PREPROCESSOR_DEFINITIONS = (
					"DEBUG=1",
					"$(inherited)",
				);
				GCC_WARN_64_TO_32_BIT_CONVERSION = YES;
				GCC_WARN_ABOUT_RETURN_TYPE = YES_ERROR;
				GCC_WARN_UNDECLARED_SELECTOR = YES;
				GCC_WARN_UNINITIALIZED_AUTOS = YES_AGGRESSIVE;
				GCC_WARN_UNUSED_FUNCTION = YES;
				GCC_WARN_UNUSED_VARIABLE = YES;
				IPHONEOS_DEPLOYMENT_TARGET = 14.1;
				MTL_ENABLE_DEBUG_INFO = INCLUDE_SOURCE;
				MTL_FAST_MATH = YES;
				ONLY_ACTIVE_ARCH = YES;
				SDKROOT = iphoneos;
				SWIFT_ACTIVE_COMPILATION_CONDITIONS = DEBUG;
				SWIFT_OPTIMIZATION_LEVEL = "-Onone";
			};
			name = Debug;
		};
		7B1C2B7426F6012F00593D7A /* Release */ = {
			isa = XCBuildConfiguration;
			buildSettings = {
				ALWAYS_SEARCH_USER_PATHS = NO;
				CLANG_ANALYZER_NONNULL = YES;
				CLANG_ANALYZER_NUMBER_OBJECT_CONVERSION = YES_AGGRESSIVE;
				CLANG_CXX_LANGUAGE_STANDARD = "gnu++14";
				CLANG_CXX_LIBRARY = "libc++";
				CLANG_ENABLE_MODULES = YES;
				CLANG_ENABLE_OBJC_ARC = YES;
				CLANG_ENABLE_OBJC_WEAK = YES;
				CLANG_WARN_BLOCK_CAPTURE_AUTORELEASING = YES;
				CLANG_WARN_BOOL_CONVERSION = YES;
				CLANG_WARN_COMMA = YES;
				CLANG_WARN_CONSTANT_CONVERSION = YES;
				CLANG_WARN_DEPRECATED_OBJC_IMPLEMENTATIONS = YES;
				CLANG_WARN_DIRECT_OBJC_ISA_USAGE = YES_ERROR;
				CLANG_WARN_DOCUMENTATION_COMMENTS = YES;
				CLANG_WARN_EMPTY_BODY = YES;
				CLANG_WARN_ENUM_CONVERSION = YES;
				CLANG_WARN_INFINITE_RECURSION = YES;
				CLANG_WARN_INT_CONVERSION = YES;
				CLANG_WARN_NON_LITERAL_NULL_CONVERSION = YES;
				CLANG_WARN_OBJC_IMPLICIT_RETAIN_SELF = YES;
				CLANG_WARN_OBJC_LITERAL_CONVERSION = YES;
				CLANG_WARN_OBJC_ROOT_CLASS = YES_ERROR;
				CLANG_WARN_QUOTED_INCLUDE_IN_FRAMEWORK_HEADER = YES;
				CLANG_WARN_RANGE_LOOP_ANALYSIS = YES;
				CLANG_WARN_STRICT_PROTOTYPES = YES;
				CLANG_WARN_SUSPICIOUS_MOVE = YES;
				CLANG_WARN_UNGUARDED_AVAILABILITY = YES_AGGRESSIVE;
				CLANG_WARN_UNREACHABLE_CODE = YES;
				CLANG_WARN__DUPLICATE_METHOD_MATCH = YES;
				COPY_PHASE_STRIP = NO;
				DEBUG_INFORMATION_FORMAT = "dwarf-with-dsym";
				ENABLE_NS_ASSERTIONS = NO;
				ENABLE_STRICT_OBJC_MSGSEND = YES;
				GCC_C_LANGUAGE_STANDARD = gnu11;
				GCC_NO_COMMON_BLOCKS = YES;
				GCC_WARN_64_TO_32_BIT_CONVERSION = YES;
				GCC_WARN_ABOUT_RETURN_TYPE = YES_ERROR;
				GCC_WARN_UNDECLARED_SELECTOR = YES;
				GCC_WARN_UNINITIALIZED_AUTOS = YES_AGGRESSIVE;
				GCC_WARN_UNUSED_FUNCTION = YES;
				GCC_WARN_UNUSED_VARIABLE = YES;
				IPHONEOS_DEPLOYMENT_TARGET = 14.1;
				MTL_ENABLE_DEBUG_INFO = NO;
				MTL_FAST_MATH = YES;
				SDKROOT = iphoneos;
				SWIFT_COMPILATION_MODE = wholemodule;
				SWIFT_OPTIMIZATION_LEVEL = "-O";
				VALIDATE_PRODUCT = YES;
			};
			name = Release;
		};
		7B1C2B7626F6012F00593D7A /* Debug */ = {
			isa = XCBuildConfiguration;
			buildSettings = {
				ASSETCATALOG_COMPILER_APPICON_NAME = AppIcon;
				ASSETCATALOG_COMPILER_GLOBAL_ACCENT_COLOR_NAME = AccentColor;
				CODE_SIGN_IDENTITY = "Apple Development";
				CODE_SIGN_STYLE = Automatic;
				DEVELOPMENT_ASSET_PATHS = "\"MelanomaScan/Preview Content\"";
				DEVELOPMENT_TEAM = 8YG5K353Y8;
				ENABLE_PREVIEWS = YES;
				INFOPLIST_FILE = MelanomaScan/Info.plist;
				IPHONEOS_DEPLOYMENT_TARGET = 14.0;
				LD_RUNPATH_SEARCH_PATHS = (
					"$(inherited)",
					"@executable_path/Frameworks",
				);
				PRODUCT_BUNDLE_IDENTIFIER = com.yadav.MelanomaScan;
				PRODUCT_NAME = "$(TARGET_NAME)";
				PROVISIONING_PROFILE_SPECIFIER = "";
				SWIFT_VERSION = 5.0;
				TARGETED_DEVICE_FAMILY = "1,2";
			};
			name = Debug;
		};
		7B1C2B7726F6012F00593D7A /* Release */ = {
			isa = XCBuildConfiguration;
			buildSettings = {
				ASSETCATALOG_COMPILER_APPICON_NAME = AppIcon;
				ASSETCATALOG_COMPILER_GLOBAL_ACCENT_COLOR_NAME = AccentColor;
				CODE_SIGN_IDENTITY = "Apple Development";
				CODE_SIGN_STYLE = Automatic;
				DEVELOPMENT_ASSET_PATHS = "\"MelanomaScan/Preview Content\"";
				DEVELOPMENT_TEAM = 8YG5K353Y8;
				ENABLE_PREVIEWS = YES;
				INFOPLIST_FILE = MelanomaScan/Info.plist;
				IPHONEOS_DEPLOYMENT_TARGET = 14.0;
				LD_RUNPATH_SEARCH_PATHS = (
					"$(inherited)",
					"@executable_path/Frameworks",
				);
				PRODUCT_BUNDLE_IDENTIFIER = com.yadav.MelanomaScan;
				PRODUCT_NAME = "$(TARGET_NAME)";
				PROVISIONING_PROFILE_SPECIFIER = "";
				SWIFT_VERSION = 5.0;
				TARGETED_DEVICE_FAMILY = "1,2";
			};
			name = Release;
		};
		7B1C2B7926F6012F00593D7A /* Debug */ = {
			isa = XCBuildConfiguration;
			buildSettings = {
				ALWAYS_EMBED_SWIFT_STANDARD_LIBRARIES = YES;
				BUNDLE_LOADER = "$(TEST_HOST)";
				CODE_SIGN_STYLE = Automatic;
				INFOPLIST_FILE = MelanomaScanTests/Info.plist;
				IPHONEOS_DEPLOYMENT_TARGET = 14.0;
				LD_RUNPATH_SEARCH_PATHS = (
					"$(inherited)",
					"@executable_path/Frameworks",
					"@loader_path/Frameworks",
				);
				PRODUCT_BUNDLE_IDENTIFIER = com.yadav.MelanomaScanTests;
				PRODUCT_NAME = "$(TARGET_NAME)";
				SWIFT_VERSION = 5.0;
				TARGETED_DEVICE_FAMILY = "1,2";
				TEST_HOST = "$(BUILT_PRODUCTS_DIR)/MelanomaScan.app/MelanomaScan";
			};
			name = Debug;
		};
		7B1C2B7A26F6012F00593D7A /* Release */ = {
			isa = XCBuildConfiguration;
			buildSettings = {
				ALWAYS_EMBED_SWIFT_STANDARD_LIBRARIES = YES;
				BUNDLE_LOADER = "$(TEST_HOST)";
				CODE_SIGN_STYLE = Automatic;
				INFOPLIST_FILE = MelanomaScanTests/Info.plist;
				IPHONEOS_DEPLOYMENT_TARGET = 14.0;
				LD_RUNPATH_SEARCH_PATHS = (
					"$(inherited)",
					"@executable_path/Frameworks",
					"@loader_path/Frameworks",
				);
				PRODUCT_BUNDLE_IDENTIFIER = com.yadav.MelanomaScanTests;
				PRODUCT_NAME = "$(TARGET_NAME)";
				SWIFT_VERSION = 5.0;
				TARGETED_DEVICE_FAMILY = "1,2";
				TEST_HOST = "$(BUILT_PRODUCTS_DIR)/MelanomaScan.app/MelanomaScan";
			};
			name = Release;
		};
		7B1C2B7C26F6012F00593D7A /* Debug */ = {
			isa = XCBuildConfiguration;
			buildSettings = {
				ALWAYS_EMBED_SWIFT_STANDARD_LIBRARIES = YES;
				CODE_SIGN_STYLE = Automatic;
				INFOPLIST_FILE = MelanomaScanUITests/Info.plist;
				LD_RUNPATH_SEARCH_PATHS = (
					"$(inherited)",
					"@executable_path/Frameworks",
					"@loader_path/Frameworks",
				);
				PRODUCT_BUNDLE_IDENTIFIER = com.yadav.MelanomaScanUITests;
				PRODUCT_NAME = "$(TARGET_NAME)";
				SWIFT_VERSION = 5.0;
				TARGETED_DEVICE_FAMILY = "1,2";
				TEST_TARGET_NAME = MelanomaScan;
			};
			name = Debug;
		};
		7B1C2B7D26F6012F00593D7A /* Release */ = {
			isa = XCBuildConfiguration;
			buildSettings = {
				ALWAYS_EMBED_SWIFT_STANDARD_LIBRARIES = YES;
				CODE_SIGN_STYLE = Automatic;
				INFOPLIST_FILE = MelanomaScanUITests/Info.plist;
				LD_RUNPATH_SEARCH_PATHS = (
					"$(inherited)",
					"@executable_path/Frameworks",
					"@loader_path/Frameworks",
				);
				PRODUCT_BUNDLE_IDENTIFIER = com.yadav.MelanomaScanUITests;
				PRODUCT_NAME = "$(TARGET_NAME)";
				SWIFT_VERSION = 5.0;
				TARGETED_DEVICE_FAMILY = "1,2";
				TEST_TARGET_NAME = MelanomaScan;
			};
			name = Release;
		};
/* End XCBuildConfiguration section */

/* Begin XCConfigurationList section */
		7B1C2B4B26F6012C00593D7A /* Build configuration list for PBXProject "MelanomaScan" */ = {
			isa = XCConfigurationList;
			buildConfigurations = (
				7B1C2B7326F6012F00593D7A /* Debug */,
				7B1C2B7426F6012F00593D7A /* Release */,
			);
			defaultConfigurationIsVisible = 0;
			defaultConfigurationName = Release;
		};
		7B1C2B7526F6012F00593D7A /* Build configuration list for PBXNativeTarget "MelanomaScan" */ = {
			isa = XCConfigurationList;
			buildConfigurations = (
				7B1C2B7626F6012F00593D7A /* Debug */,
				7B1C2B7726F6012F00593D7A /* Release */,
			);
			defaultConfigurationIsVisible = 0;
			defaultConfigurationName = Release;
		};
		7B1C2B7826F6012F00593D7A /* Build configuration list for PBXNativeTarget "MelanomaScanTests" */ = {
			isa = XCConfigurationList;
			buildConfigurations = (
				7B1C2B7926F6012F00593D7A /* Debug */,
				7B1C2B7A26F6012F00593D7A /* Release */,
			);
			defaultConfigurationIsVisible = 0;
			defaultConfigurationName = Release;
		};
		7B1C2B7B26F6012F00593D7A /* Build configuration list for PBXNativeTarget "MelanomaScanUITests" */ = {
			isa = XCConfigurationList;
			buildConfigurations = (
				7B1C2B7C26F6012F00593D7A /* Debug */,
				7B1C2B7D26F6012F00593D7A /* Release */,
			);
			defaultConfigurationIsVisible = 0;
			defaultConfigurationName = Release;
		};
/* End XCConfigurationList section */

/* Begin XCVersionGroup section */
		CD6F4365273D25A700937C7B /* CoreDataStore.xcdatamodeld */ = {
			isa = XCVersionGroup;
			children = (
				CD6F4366273D25A700937C7B /* RiskFactorsPersistence.xcdatamodel */,
			);
			currentVersion = CD6F4366273D25A700937C7B /* RiskFactorsPersistence.xcdatamodel */;
			path = CoreDataStore.xcdatamodeld;
			sourceTree = "<group>";
			versionGroupType = wrapper.xcdatamodel;
		};
/* End XCVersionGroup section */
	};
	rootObject = 7B1C2B4826F6012C00593D7A /* Project object */;
}
